// !$*UTF8*$!
{
	archiveVersion = 1;
	classes = {
	};
	objectVersion = 46;
	objects = {

/* Begin PBXBuildFile section */
		9C6700A41B0F837600916A7E /* ComicVineClient.m in Sources */ = {isa = PBXBuildFile; fileRef = 9C6700A31B0F837600916A7E /* ComicVineClient.m */; };
		9C7E8B0B1B0AC5F4003E7533 /* main.m in Sources */ = {isa = PBXBuildFile; fileRef = 9C7E8B0A1B0AC5F4003E7533 /* main.m */; };
		9C7E8B0E1B0AC5F4003E7533 /* AppDelegate.m in Sources */ = {isa = PBXBuildFile; fileRef = 9C7E8B0D1B0AC5F4003E7533 /* AppDelegate.m */; };
		9C7E8B141B0AC5F4003E7533 /* Main.storyboard in Resources */ = {isa = PBXBuildFile; fileRef = 9C7E8B121B0AC5F4003E7533 /* Main.storyboard */; };
		9C7E8B161B0AC5F4003E7533 /* Images.xcassets in Resources */ = {isa = PBXBuildFile; fileRef = 9C7E8B151B0AC5F4003E7533 /* Images.xcassets */; };
		9C7E8B191B0AC5F4003E7533 /* LaunchScreen.xib in Resources */ = {isa = PBXBuildFile; fileRef = 9C7E8B171B0AC5F4003E7533 /* LaunchScreen.xib */; };
		9C7E8B251B0AC5F4003E7533 /* ComicVineTests.m in Sources */ = {isa = PBXBuildFile; fileRef = 9C7E8B241B0AC5F4003E7533 /* ComicVineTests.m */; };
		9C7E8B301B0AC6E0003E7533 /* SearchViewController.m in Sources */ = {isa = PBXBuildFile; fileRef = 9C7E8B2F1B0AC6E0003E7533 /* SearchViewController.m */; };
		9C925F041B0AC8C600F7056E /* SuggestionsViewController.m in Sources */ = {isa = PBXBuildFile; fileRef = 9C925F031B0AC8C600F7056E /* SuggestionsViewController.m */; };
		9C925F071B0ACCBC00F7056E /* SuggestionsViewModel.m in Sources */ = {isa = PBXBuildFile; fileRef = 9C925F061B0ACCBC00F7056E /* SuggestionsViewModel.m */; };
		9CE9C60C1B0FAF5F009EF4F2 /* Response.m in Sources */ = {isa = PBXBuildFile; fileRef = 9CE9C60B1B0FAF5F009EF4F2 /* Response.m */; };
		9CE9C6101B0FB617009EF4F2 /* Volume.m in Sources */ = {isa = PBXBuildFile; fileRef = 9CE9C60F1B0FB617009EF4F2 /* Volume.m */; };
		A5B52117637899C6A8BAFC76 /* libPods-ComicVine.a in Frameworks */ = {isa = PBXBuildFile; fileRef = 884B8453D558EA06F1766B4B /* libPods-ComicVine.a */; };
/* End PBXBuildFile section */

/* Begin PBXContainerItemProxy section */
		9C7E8B1F1B0AC5F4003E7533 /* PBXContainerItemProxy */ = {
			isa = PBXContainerItemProxy;
			containerPortal = 9C7E8AFD1B0AC5F4003E7533 /* Project object */;
			proxyType = 1;
			remoteGlobalIDString = 9C7E8B041B0AC5F4003E7533;
			remoteInfo = ComicVine;
		};
/* End PBXContainerItemProxy section */

/* Begin PBXFileReference section */
		884B8453D558EA06F1766B4B /* libPods-ComicVine.a */ = {isa = PBXFileReference; explicitFileType = archive.ar; includeInIndex = 0; path = "libPods-ComicVine.a"; sourceTree = BUILT_PRODUCTS_DIR; };
		9C6700A21B0F837600916A7E /* ComicVineClient.h */ = {isa = PBXFileReference; fileEncoding = 4; lastKnownFileType = sourcecode.c.h; path = ComicVineClient.h; sourceTree = "<group>"; };
		9C6700A31B0F837600916A7E /* ComicVineClient.m */ = {isa = PBXFileReference; fileEncoding = 4; lastKnownFileType = sourcecode.c.objc; path = ComicVineClient.m; sourceTree = "<group>"; };
		9C7E8B051B0AC5F4003E7533 /* ComicVine.app */ = {isa = PBXFileReference; explicitFileType = wrapper.application; includeInIndex = 0; path = ComicVine.app; sourceTree = BUILT_PRODUCTS_DIR; };
		9C7E8B091B0AC5F4003E7533 /* Info.plist */ = {isa = PBXFileReference; lastKnownFileType = text.plist.xml; path = Info.plist; sourceTree = "<group>"; };
		9C7E8B0A1B0AC5F4003E7533 /* main.m */ = {isa = PBXFileReference; lastKnownFileType = sourcecode.c.objc; path = main.m; sourceTree = "<group>"; };
		9C7E8B0C1B0AC5F4003E7533 /* AppDelegate.h */ = {isa = PBXFileReference; lastKnownFileType = sourcecode.c.h; path = AppDelegate.h; sourceTree = "<group>"; };
		9C7E8B0D1B0AC5F4003E7533 /* AppDelegate.m */ = {isa = PBXFileReference; lastKnownFileType = sourcecode.c.objc; path = AppDelegate.m; sourceTree = "<group>"; };
		9C7E8B131B0AC5F4003E7533 /* Base */ = {isa = PBXFileReference; lastKnownFileType = file.storyboard; name = Base; path = Base.lproj/Main.storyboard; sourceTree = "<group>"; };
		9C7E8B151B0AC5F4003E7533 /* Images.xcassets */ = {isa = PBXFileReference; lastKnownFileType = folder.assetcatalog; path = Images.xcassets; sourceTree = "<group>"; };
		9C7E8B181B0AC5F4003E7533 /* Base */ = {isa = PBXFileReference; lastKnownFileType = file.xib; name = Base; path = Base.lproj/LaunchScreen.xib; sourceTree = "<group>"; };
		9C7E8B1E1B0AC5F4003E7533 /* ComicVineTests.xctest */ = {isa = PBXFileReference; explicitFileType = wrapper.cfbundle; includeInIndex = 0; path = ComicVineTests.xctest; sourceTree = BUILT_PRODUCTS_DIR; };
		9C7E8B231B0AC5F4003E7533 /* Info.plist */ = {isa = PBXFileReference; lastKnownFileType = text.plist.xml; path = Info.plist; sourceTree = "<group>"; };
		9C7E8B241B0AC5F4003E7533 /* ComicVineTests.m */ = {isa = PBXFileReference; lastKnownFileType = sourcecode.c.objc; path = ComicVineTests.m; sourceTree = "<group>"; };
		9C7E8B2E1B0AC6E0003E7533 /* SearchViewController.h */ = {isa = PBXFileReference; fileEncoding = 4; lastKnownFileType = sourcecode.c.h; path = SearchViewController.h; sourceTree = "<group>"; };
		9C7E8B2F1B0AC6E0003E7533 /* SearchViewController.m */ = {isa = PBXFileReference; fileEncoding = 4; lastKnownFileType = sourcecode.c.objc; path = SearchViewController.m; sourceTree = "<group>"; };
		9C925F021B0AC8C600F7056E /* SuggestionsViewController.h */ = {isa = PBXFileReference; fileEncoding = 4; lastKnownFileType = sourcecode.c.h; path = SuggestionsViewController.h; sourceTree = "<group>"; };
		9C925F031B0AC8C600F7056E /* SuggestionsViewController.m */ = {isa = PBXFileReference; fileEncoding = 4; lastKnownFileType = sourcecode.c.objc; path = SuggestionsViewController.m; sourceTree = "<group>"; };
		9C925F051B0ACCBC00F7056E /* SuggestionsViewModel.h */ = {isa = PBXFileReference; fileEncoding = 4; lastKnownFileType = sourcecode.c.h; path = SuggestionsViewModel.h; sourceTree = "<group>"; };
		9C925F061B0ACCBC00F7056E /* SuggestionsViewModel.m */ = {isa = PBXFileReference; fileEncoding = 4; lastKnownFileType = sourcecode.c.objc; path = SuggestionsViewModel.m; sourceTree = "<group>"; };
		9CE9C60A1B0FAF5F009EF4F2 /* Response.h */ = {isa = PBXFileReference; fileEncoding = 4; lastKnownFileType = sourcecode.c.h; path = Response.h; sourceTree = "<group>"; };
		9CE9C60B1B0FAF5F009EF4F2 /* Response.m */ = {isa = PBXFileReference; fileEncoding = 4; lastKnownFileType = sourcecode.c.objc; path = Response.m; sourceTree = "<group>"; };
		9CE9C60E1B0FB617009EF4F2 /* Volume.h */ = {isa = PBXFileReference; fileEncoding = 4; lastKnownFileType = sourcecode.c.h; path = Volume.h; sourceTree = "<group>"; };
		9CE9C60F1B0FB617009EF4F2 /* Volume.m */ = {isa = PBXFileReference; fileEncoding = 4; lastKnownFileType = sourcecode.c.objc; path = Volume.m; sourceTree = "<group>"; };
		D7913B31EBC451ED2E7A9207 /* Pods-ComicVine.debug.xcconfig */ = {isa = PBXFileReference; includeInIndex = 1; lastKnownFileType = text.xcconfig; name = "Pods-ComicVine.debug.xcconfig"; path = "Pods/Target Support Files/Pods-ComicVine/Pods-ComicVine.debug.xcconfig"; sourceTree = "<group>"; };
		FD419ED4900270EA34939127 /* Pods-ComicVine.release.xcconfig */ = {isa = PBXFileReference; includeInIndex = 1; lastKnownFileType = text.xcconfig; name = "Pods-ComicVine.release.xcconfig"; path = "Pods/Target Support Files/Pods-ComicVine/Pods-ComicVine.release.xcconfig"; sourceTree = "<group>"; };
/* End PBXFileReference section */

/* Begin PBXFrameworksBuildPhase section */
		9C7E8B021B0AC5F4003E7533 /* Frameworks */ = {
			isa = PBXFrameworksBuildPhase;
			buildActionMask = 2147483647;
			files = (
				A5B52117637899C6A8BAFC76 /* libPods-ComicVine.a in Frameworks */,
			);
			runOnlyForDeploymentPostprocessing = 0;
		};
		9C7E8B1B1B0AC5F4003E7533 /* Frameworks */ = {
			isa = PBXFrameworksBuildPhase;
			buildActionMask = 2147483647;
			files = (
			);
			runOnlyForDeploymentPostprocessing = 0;
		};
/* End PBXFrameworksBuildPhase section */

/* Begin PBXGroup section */
		69E2F240E8DD897E7BACA3E2 /* Pods */ = {
			isa = PBXGroup;
			children = (
				D7913B31EBC451ED2E7A9207 /* Pods-ComicVine.debug.xcconfig */,
				FD419ED4900270EA34939127 /* Pods-ComicVine.release.xcconfig */,
			);
			name = Pods;
			sourceTree = "<group>";
		};
		9C6700A51B0F864200916A7E /* Network */ = {
			isa = PBXGroup;
			children = (
				9C6700A21B0F837600916A7E /* ComicVineClient.h */,
				9C6700A31B0F837600916A7E /* ComicVineClient.m */,
			);
			name = Network;
			sourceTree = "<group>";
		};
		9C7E8AFC1B0AC5F4003E7533 = {
			isa = PBXGroup;
			children = (
				9C7E8B071B0AC5F4003E7533 /* ComicVine */,
				9C7E8B211B0AC5F4003E7533 /* ComicVineTests */,
				9C7E8B061B0AC5F4003E7533 /* Products */,
				69E2F240E8DD897E7BACA3E2 /* Pods */,
				C006E02018B1AF26316B721E /* Frameworks */,
			);
			sourceTree = "<group>";
		};
		9C7E8B061B0AC5F4003E7533 /* Products */ = {
			isa = PBXGroup;
			children = (
				9C7E8B051B0AC5F4003E7533 /* ComicVine.app */,
				9C7E8B1E1B0AC5F4003E7533 /* ComicVineTests.xctest */,
			);
			name = Products;
			sourceTree = "<group>";
		};
		9C7E8B071B0AC5F4003E7533 /* ComicVine */ = {
			isa = PBXGroup;
			children = (
				9CE9C60D1B0FB606009EF4F2 /* Model */,
				9C6700A51B0F864200916A7E /* Network */,
				9C7E8B0C1B0AC5F4003E7533 /* AppDelegate.h */,
				9C7E8B0D1B0AC5F4003E7533 /* AppDelegate.m */,
				9C7E8B121B0AC5F4003E7533 /* Main.storyboard */,
				9C925F081B0ACCC200F7056E /* View Models */,
				9C7E8B311B0AC6F1003E7533 /* Controllers */,
				9C7E8B151B0AC5F4003E7533 /* Images.xcassets */,
				9C7E8B171B0AC5F4003E7533 /* LaunchScreen.xib */,
				9C7E8B081B0AC5F4003E7533 /* Supporting Files */,
			);
			path = ComicVine;
			sourceTree = "<group>";
		};
		9C7E8B081B0AC5F4003E7533 /* Supporting Files */ = {
			isa = PBXGroup;
			children = (
				9C7E8B091B0AC5F4003E7533 /* Info.plist */,
				9C7E8B0A1B0AC5F4003E7533 /* main.m */,
			);
			name = "Supporting Files";
			sourceTree = "<group>";
		};
		9C7E8B211B0AC5F4003E7533 /* ComicVineTests */ = {
			isa = PBXGroup;
			children = (
				9C7E8B241B0AC5F4003E7533 /* ComicVineTests.m */,
				9C7E8B221B0AC5F4003E7533 /* Supporting Files */,
			);
			path = ComicVineTests;
			sourceTree = "<group>";
		};
		9C7E8B221B0AC5F4003E7533 /* Supporting Files */ = {
			isa = PBXGroup;
			children = (
				9C7E8B231B0AC5F4003E7533 /* Info.plist */,
			);
			name = "Supporting Files";
			sourceTree = "<group>";
		};
		9C7E8B311B0AC6F1003E7533 /* Controllers */ = {
			isa = PBXGroup;
			children = (
				9C7E8B2E1B0AC6E0003E7533 /* SearchViewController.h */,
				9C7E8B2F1B0AC6E0003E7533 /* SearchViewController.m */,
				9C925F021B0AC8C600F7056E /* SuggestionsViewController.h */,
				9C925F031B0AC8C600F7056E /* SuggestionsViewController.m */,
			);
			name = Controllers;
			sourceTree = "<group>";
		};
		9C925F081B0ACCC200F7056E /* View Models */ = {
			isa = PBXGroup;
			children = (
				9C925F051B0ACCBC00F7056E /* SuggestionsViewModel.h */,
				9C925F061B0ACCBC00F7056E /* SuggestionsViewModel.m */,
			);
			name = "View Models";
			sourceTree = "<group>";
		};
		9CE9C60D1B0FB606009EF4F2 /* Model */ = {
			isa = PBXGroup;
			children = (
				9CE9C60A1B0FAF5F009EF4F2 /* Response.h */,
				9CE9C60B1B0FAF5F009EF4F2 /* Response.m */,
				9CE9C60E1B0FB617009EF4F2 /* Volume.h */,
				9CE9C60F1B0FB617009EF4F2 /* Volume.m */,
			);
			name = Model;
			path = ..;
			sourceTree = "<group>";
		};
		C006E02018B1AF26316B721E /* Frameworks */ = {
			isa = PBXGroup;
			children = (
				884B8453D558EA06F1766B4B /* libPods-ComicVine.a */,
			);
			name = Frameworks;
			sourceTree = "<group>";
		};
/* End PBXGroup section */

/* Begin PBXNativeTarget section */
		9C7E8B041B0AC5F4003E7533 /* ComicVine */ = {
			isa = PBXNativeTarget;
			buildConfigurationList = 9C7E8B281B0AC5F4003E7533 /* Build configuration list for PBXNativeTarget "ComicVine" */;
			buildPhases = (
				E67BB21C465F696BF3D9ECC4 /* Check Pods Manifest.lock */,
				9C7E8B011B0AC5F4003E7533 /* Sources */,
				9C7E8B021B0AC5F4003E7533 /* Frameworks */,
				9C7E8B031B0AC5F4003E7533 /* Resources */,
				C439C99DC82523AE510ABDC0 /* Copy Pods Resources */,
			);
			buildRules = (
			);
			dependencies = (
			);
			name = ComicVine;
			productName = ComicVine;
			productReference = 9C7E8B051B0AC5F4003E7533 /* ComicVine.app */;
			productType = "com.apple.product-type.application";
		};
		9C7E8B1D1B0AC5F4003E7533 /* ComicVineTests */ = {
			isa = PBXNativeTarget;
			buildConfigurationList = 9C7E8B2B1B0AC5F4003E7533 /* Build configuration list for PBXNativeTarget "ComicVineTests" */;
			buildPhases = (
				9C7E8B1A1B0AC5F4003E7533 /* Sources */,
				9C7E8B1B1B0AC5F4003E7533 /* Frameworks */,
				9C7E8B1C1B0AC5F4003E7533 /* Resources */,
			);
			buildRules = (
			);
			dependencies = (
				9C7E8B201B0AC5F4003E7533 /* PBXTargetDependency */,
			);
			name = ComicVineTests;
			productName = ComicVineTests;
			productReference = 9C7E8B1E1B0AC5F4003E7533 /* ComicVineTests.xctest */;
			productType = "com.apple.product-type.bundle.unit-test";
		};
/* End PBXNativeTarget section */

/* Begin PBXProject section */
		9C7E8AFD1B0AC5F4003E7533 /* Project object */ = {
			isa = PBXProject;
			attributes = {
				LastUpgradeCheck = 0630;
				ORGANIZATIONNAME = "Alejandro Rodriguez";
				TargetAttributes = {
					9C7E8B041B0AC5F4003E7533 = {
						CreatedOnToolsVersion = 6.3.1;
					};
					9C7E8B1D1B0AC5F4003E7533 = {
						CreatedOnToolsVersion = 6.3.1;
						TestTargetID = 9C7E8B041B0AC5F4003E7533;
					};
				};
			};
			buildConfigurationList = 9C7E8B001B0AC5F4003E7533 /* Build configuration list for PBXProject "ComicVine" */;
			compatibilityVersion = "Xcode 3.2";
			developmentRegion = English;
			hasScannedForEncodings = 0;
			knownRegions = (
				en,
				Base,
			);
			mainGroup = 9C7E8AFC1B0AC5F4003E7533;
			productRefGroup = 9C7E8B061B0AC5F4003E7533 /* Products */;
			projectDirPath = "";
			projectRoot = "";
			targets = (
				9C7E8B041B0AC5F4003E7533 /* ComicVine */,
				9C7E8B1D1B0AC5F4003E7533 /* ComicVineTests */,
			);
		};
/* End PBXProject section */

/* Begin PBXResourcesBuildPhase section */
		9C7E8B031B0AC5F4003E7533 /* Resources */ = {
			isa = PBXResourcesBuildPhase;
			buildActionMask = 2147483647;
			files = (
				9C7E8B141B0AC5F4003E7533 /* Main.storyboard in Resources */,
				9C7E8B191B0AC5F4003E7533 /* LaunchScreen.xib in Resources */,
				9C7E8B161B0AC5F4003E7533 /* Images.xcassets in Resources */,
			);
			runOnlyForDeploymentPostprocessing = 0;
		};
		9C7E8B1C1B0AC5F4003E7533 /* Resources */ = {
			isa = PBXResourcesBuildPhase;
			buildActionMask = 2147483647;
			files = (
			);
			runOnlyForDeploymentPostprocessing = 0;
		};
/* End PBXResourcesBuildPhase section */

/* Begin PBXShellScriptBuildPhase section */
		C439C99DC82523AE510ABDC0 /* Copy Pods Resources */ = {
			isa = PBXShellScriptBuildPhase;
			buildActionMask = 2147483647;
			files = (
			);
			inputPaths = (
			);
			name = "Copy Pods Resources";
			outputPaths = (
			);
			runOnlyForDeploymentPostprocessing = 0;
			shellPath = /bin/sh;
			shellScript = "\"${SRCROOT}/Pods/Target Support Files/Pods-ComicVine/Pods-ComicVine-resources.sh\"\n";
			showEnvVarsInLog = 0;
		};
		E67BB21C465F696BF3D9ECC4 /* Check Pods Manifest.lock */ = {
			isa = PBXShellScriptBuildPhase;
			buildActionMask = 2147483647;
			files = (
			);
			inputPaths = (
			);
			name = "Check Pods Manifest.lock";
			outputPaths = (
			);
			runOnlyForDeploymentPostprocessing = 0;
			shellPath = /bin/sh;
			shellScript = "diff \"${PODS_ROOT}/../Podfile.lock\" \"${PODS_ROOT}/Manifest.lock\" > /dev/null\nif [[ $? != 0 ]] ; then\n    cat << EOM\nerror: The sandbox is not in sync with the Podfile.lock. Run 'pod install' or update your CocoaPods installation.\nEOM\n    exit 1\nfi\n";
			showEnvVarsInLog = 0;
		};
/* End PBXShellScriptBuildPhase section */

/* Begin PBXSourcesBuildPhase section */
		9C7E8B011B0AC5F4003E7533 /* Sources */ = {
			isa = PBXSourcesBuildPhase;
			buildActionMask = 2147483647;
			files = (
				9C925F041B0AC8C600F7056E /* SuggestionsViewController.m in Sources */,
				9C925F071B0ACCBC00F7056E /* SuggestionsViewModel.m in Sources */,
				9CE9C60C1B0FAF5F009EF4F2 /* Response.m in Sources */,
				9CE9C6101B0FB617009EF4F2 /* Volume.m in Sources */,
				9C7E8B0E1B0AC5F4003E7533 /* AppDelegate.m in Sources */,
				9C7E8B301B0AC6E0003E7533 /* SearchViewController.m in Sources */,
				9C6700A41B0F837600916A7E /* ComicVineClient.m in Sources */,
				9C7E8B0B1B0AC5F4003E7533 /* main.m in Sources */,
			);
			runOnlyForDeploymentPostprocessing = 0;
		};
		9C7E8B1A1B0AC5F4003E7533 /* Sources */ = {
			isa = PBXSourcesBuildPhase;
			buildActionMask = 2147483647;
			files = (
				9C7E8B251B0AC5F4003E7533 /* ComicVineTests.m in Sources */,
			);
			runOnlyForDeploymentPostprocessing = 0;
		};
/* End PBXSourcesBuildPhase section */

/* Begin PBXTargetDependency section */
		9C7E8B201B0AC5F4003E7533 /* PBXTargetDependency */ = {
			isa = PBXTargetDependency;
			target = 9C7E8B041B0AC5F4003E7533 /* ComicVine */;
			targetProxy = 9C7E8B1F1B0AC5F4003E7533 /* PBXContainerItemProxy */;
		};
/* End PBXTargetDependency section */

/* Begin PBXVariantGroup section */
		9C7E8B121B0AC5F4003E7533 /* Main.storyboard */ = {
			isa = PBXVariantGroup;
			children = (
				9C7E8B131B0AC5F4003E7533 /* Base */,
			);
			name = Main.storyboard;
			sourceTree = "<group>";
		};
		9C7E8B171B0AC5F4003E7533 /* LaunchScreen.xib */ = {
			isa = PBXVariantGroup;
			children = (
				9C7E8B181B0AC5F4003E7533 /* Base */,
			);
			name = LaunchScreen.xib;
			sourceTree = "<group>";
		};
/* End PBXVariantGroup section */

/* Begin XCBuildConfiguration section */
		9C7E8B261B0AC5F4003E7533 /* Debug */ = {
			isa = XCBuildConfiguration;
			buildSettings = {
				ALWAYS_SEARCH_USER_PATHS = NO;
				CLANG_CXX_LANGUAGE_STANDARD = "gnu++0x";
				CLANG_CXX_LIBRARY = "libc++";
				CLANG_ENABLE_MODULES = YES;
				CLANG_ENABLE_OBJC_ARC = YES;
				CLANG_WARN_BOOL_CONVERSION = YES;
				CLANG_WARN_CONSTANT_CONVERSION = YES;
				CLANG_WARN_DIRECT_OBJC_ISA_USAGE = YES_ERROR;
				CLANG_WARN_EMPTY_BODY = YES;
				CLANG_WARN_ENUM_CONVERSION = YES;
				CLANG_WARN_INT_CONVERSION = YES;
				CLANG_WARN_OBJC_ROOT_CLASS = YES_ERROR;
				CLANG_WARN_UNREACHABLE_CODE = YES;
				CLANG_WARN__DUPLICATE_METHOD_MATCH = YES;
				"CODE_SIGN_IDENTITY[sdk=iphoneos*]" = "iPhone Developer";
				COPY_PHASE_STRIP = NO;
				DEBUG_INFORMATION_FORMAT = "dwarf-with-dsym";
				ENABLE_STRICT_OBJC_MSGSEND = YES;
				GCC_C_LANGUAGE_STANDARD = gnu99;
				GCC_DYNAMIC_NO_PIC = NO;
				GCC_NO_COMMON_BLOCKS = YES;
				GCC_OPTIMIZATION_LEVEL = 0;
				GCC_PREPROCESSOR_DEFINITIONS = (
					"DEBUG=1",
					"$(inherited)",
				);
				GCC_SYMBOLS_PRIVATE_EXTERN = NO;
				GCC_WARN_64_TO_32_BIT_CONVERSION = YES;
				GCC_WARN_ABOUT_RETURN_TYPE = YES_ERROR;
				GCC_WARN_UNDECLARED_SELECTOR = YES;
				GCC_WARN_UNINITIALIZED_AUTOS = YES_AGGRESSIVE;
				GCC_WARN_UNUSED_FUNCTION = YES;
				GCC_WARN_UNUSED_VARIABLE = YES;
				IPHONEOS_DEPLOYMENT_TARGET = 8.3;
				MTL_ENABLE_DEBUG_INFO = YES;
				ONLY_ACTIVE_ARCH = YES;
				SDKROOT = iphoneos;
			};
			name = Debug;
		};
		9C7E8B271B0AC5F4003E7533 /* Release */ = {
			isa = XCBuildConfiguration;
			buildSettings = {
				ALWAYS_SEARCH_USER_PATHS = NO;
				CLANG_CXX_LANGUAGE_STANDARD = "gnu++0x";
				CLANG_CXX_LIBRARY = "libc++";
				CLANG_ENABLE_MODULES = YES;
				CLANG_ENABLE_OBJC_ARC = YES;
				CLANG_WARN_BOOL_CONVERSION = YES;
				CLANG_WARN_CONSTANT_CONVERSION = YES;
				CLANG_WARN_DIRECT_OBJC_ISA_USAGE = YES_ERROR;
				CLANG_WARN_EMPTY_BODY = YES;
				CLANG_WARN_ENUM_CONVERSION = YES;
				CLANG_WARN_INT_CONVERSION = YES;
				CLANG_WARN_OBJC_ROOT_CLASS = YES_ERROR;
				CLANG_WARN_UNREACHABLE_CODE = YES;
				CLANG_WARN__DUPLICATE_METHOD_MATCH = YES;
				"CODE_SIGN_IDENTITY[sdk=iphoneos*]" = "iPhone Developer";
				COPY_PHASE_STRIP = NO;
				DEBUG_INFORMATION_FORMAT = "dwarf-with-dsym";
				ENABLE_NS_ASSERTIONS = NO;
				ENABLE_STRICT_OBJC_MSGSEND = YES;
				GCC_C_LANGUAGE_STANDARD = gnu99;
				GCC_NO_COMMON_BLOCKS = YES;
				GCC_WARN_64_TO_32_BIT_CONVERSION = YES;
				GCC_WARN_ABOUT_RETURN_TYPE = YES_ERROR;
				GCC_WARN_UNDECLARED_SELECTOR = YES;
				GCC_WARN_UNINITIALIZED_AUTOS = YES_AGGRESSIVE;
				GCC_WARN_UNUSED_FUNCTION = YES;
				GCC_WARN_UNUSED_VARIABLE = YES;
				IPHONEOS_DEPLOYMENT_TARGET = 8.3;
				MTL_ENABLE_DEBUG_INFO = NO;
				SDKROOT = iphoneos;
				VALIDATE_PRODUCT = YES;
			};
			name = Release;
		};
		9C7E8B291B0AC5F4003E7533 /* Debug */ = {
			isa = XCBuildConfiguration;
			baseConfigurationReference = D7913B31EBC451ED2E7A9207 /* Pods-ComicVine.debug.xcconfig */;
			buildSettings = {
				ASSETCATALOG_COMPILER_APPICON_NAME = AppIcon;
				INFOPLIST_FILE = ComicVine/Info.plist;
				LD_RUNPATH_SEARCH_PATHS = "$(inherited) @executable_path/Frameworks";
				PRODUCT_NAME = "$(TARGET_NAME)";
			};
			name = Debug;
		};
		9C7E8B2A1B0AC5F4003E7533 /* Release */ = {
			isa = XCBuildConfiguration;
			baseConfigurationReference = FD419ED4900270EA34939127 /* Pods-ComicVine.release.xcconfig */;
			buildSettings = {
				ASSETCATALOG_COMPILER_APPICON_NAME = AppIcon;
				INFOPLIST_FILE = ComicVine/Info.plist;
				LD_RUNPATH_SEARCH_PATHS = "$(inherited) @executable_path/Frameworks";
				PRODUCT_NAME = "$(TARGET_NAME)";
			};
			name = Release;
		};
		9C7E8B2C1B0AC5F4003E7533 /* Debug */ = {
			isa = XCBuildConfiguration;
			buildSettings = {
				BUNDLE_LOADER = "$(TEST_HOST)";
				FRAMEWORK_SEARCH_PATHS = (
					"$(SDKROOT)/Developer/Library/Frameworks",
					"$(inherited)",
				);
				GCC_PREPROCESSOR_DEFINITIONS = (
					"DEBUG=1",
					"$(inherited)",
				);
				INFOPLIST_FILE = ComicVineTests/Info.plist;
				LD_RUNPATH_SEARCH_PATHS = "$(inherited) @executable_path/Frameworks @loader_path/Frameworks";
				PRODUCT_NAME = "$(TARGET_NAME)";
				TEST_HOST = "$(BUILT_PRODUCTS_DIR)/ComicVine.app/ComicVine";
			};
			name = Debug;
		};
		9C7E8B2D1B0AC5F4003E7533 /* Release */ = {
			isa = XCBuildConfiguration;
			buildSettings = {
				BUNDLE_LOADER = "$(TEST_HOST)";
				FRAMEWORK_SEARCH_PATHS = (
					"$(SDKROOT)/Developer/Library/Frameworks",
					"$(inherited)",
				);
				INFOPLIST_FILE = ComicVineTests/Info.plist;
				LD_RUNPATH_SEARCH_PATHS = "$(inherited) @executable_path/Frameworks @loader_path/Frameworks";
				PRODUCT_NAME = "$(TARGET_NAME)";
				TEST_HOST = "$(BUILT_PRODUCTS_DIR)/ComicVine.app/ComicVine";
			};
			name = Release;
		};
/* End XCBuildConfiguration section */

/* Begin XCConfigurationList section */
		9C7E8B001B0AC5F4003E7533 /* Build configuration list for PBXProject "ComicVine" */ = {
			isa = XCConfigurationList;
			buildConfigurations = (
				9C7E8B261B0AC5F4003E7533 /* Debug */,
				9C7E8B271B0AC5F4003E7533 /* Release */,
			);
			defaultConfigurationIsVisible = 0;
			defaultConfigurationName = Release;
		};
		9C7E8B281B0AC5F4003E7533 /* Build configuration list for PBXNativeTarget "ComicVine" */ = {
			isa = XCConfigurationList;
			buildConfigurations = (
				9C7E8B291B0AC5F4003E7533 /* Debug */,
				9C7E8B2A1B0AC5F4003E7533 /* Release */,
			);
			defaultConfigurationIsVisible = 0;
			defaultConfigurationName = Release;
		};
		9C7E8B2B1B0AC5F4003E7533 /* Build configuration list for PBXNativeTarget "ComicVineTests" */ = {
			isa = XCConfigurationList;
			buildConfigurations = (
				9C7E8B2C1B0AC5F4003E7533 /* Debug */,
				9C7E8B2D1B0AC5F4003E7533 /* Release */,
			);
			defaultConfigurationIsVisible = 0;
			defaultConfigurationName = Release;
		};
/* End XCConfigurationList section */
	};
	rootObject = 9C7E8AFD1B0AC5F4003E7533 /* Project object */;
}
